%{
  "certifi": {:hex, :certifi, "2.4.2", "75424ff0f3baaccfd34b1214184b6ef616d89e420b258bb0a5ea7d7bc628f7f0", [:rebar3], [{:parse_trans, "~>3.3", [hex: :parse_trans, repo: "hexpm", optional: false]}], "hexpm"},
  "cldr_utils": {:hex, :cldr_utils, "2.0.5", "eba0f4cc86861b74f2c1180fe7f6fa25f9e9a3b06365fa7468213c9ec3fd392c", [:mix], [{:decimal, "~> 1.5", [hex: :decimal, repo: "hexpm", optional: false]}], "hexpm"},
  "combine": {:hex, :combine, "0.10.0", "eff8224eeb56498a2af13011d142c5e7997a80c8f5b97c499f84c841032e429f", [:mix], [], "hexpm"},
  "connection": {:hex, :connection, "1.0.4", "a1cae72211f0eef17705aaededacac3eb30e6625b04a6117c1b2db6ace7d5976", [:mix], [], "hexpm"},
  "db_connection": {:hex, :db_connection, "2.0.5", "ddb2ba6761a08b2bb9ca0e7d260e8f4dd39067426d835c24491a321b7f92a4da", [:mix], [{:connection, "~> 1.0.2", [hex: :connection, repo: "hexpm", optional: false]}], "hexpm"},
  "decimal": {:hex, :decimal, "1.6.0", "bfd84d90ff966e1f5d4370bdd3943432d8f65f07d3bab48001aebd7030590dcc", [:mix], [], "hexpm"},
  "dialyxir": {:hex, :dialyxir, "0.5.1", "b331b091720fd93e878137add264bac4f644e1ddae07a70bf7062c7862c4b952", [:mix], [], "hexpm"},
  "earmark": {:hex, :earmark, "1.3.1", "73812f447f7a42358d3ba79283cfa3075a7580a3a2ed457616d6517ac3738cb9", [:mix], [], "hexpm"},
  "ecto": {:hex, :ecto, "3.0.7", "44dda84ac6b17bbbdeb8ac5dfef08b7da253b37a453c34ab1a98de7f7e5fec7f", [:mix], [{:decimal, "~> 1.6", [hex: :decimal, repo: "hexpm", optional: false]}, {:jason, "~> 1.0", [hex: :jason, repo: "hexpm", optional: true]}, {:poison, "~> 2.2 or ~> 3.0", [hex: :poison, repo: "hexpm", optional: true]}], "hexpm"},
  "ecto_sql": {:hex, :ecto_sql, "3.0.5", "7e44172b4f7aca4469f38d7f6a3da394dbf43a1bcf0ca975e958cb957becd74e", [:mix], [{:db_connection, "~> 2.0", [hex: :db_connection, repo: "hexpm", optional: false]}, {:ecto, "~> 3.0.6", [hex: :ecto, repo: "hexpm", optional: false]}, {:mariaex, "~> 0.9.1", [hex: :mariaex, repo: "hexpm", optional: true]}, {:postgrex, "~> 0.14.0", [hex: :postgrex, repo: "hexpm", optional: true]}, {:telemetry, "~> 0.3.0", [hex: :telemetry, repo: "hexpm", optional: false]}], "hexpm"},
  "elixir_xml_to_map": {:hex, :elixir_xml_to_map, "0.1.2", "e3d1bd2f6562711117ae209657f385a1c1c34c8c720c748eeba2e22815797071", [:mix], [{:erlsom, "~>1.4", [hex: :erlsom, repo: "hexpm", optional: false]}], "hexpm"},
  "erlsom": {:hex, :erlsom, "1.5.0", "c5a5cdd0ee0e8dca62bcc4b13ff08da24fdefc16ccd8b25282a2fda2ba1be24a", [:rebar3], [], "hexpm"},
  "ex_cldr": {:hex, :ex_cldr, "2.2.4", "0d0bf12955d2cc8dd63c250eda895d1427381c1d1f3e5e3857ac9dc3da9cdf7a", [:mix], [{:cldr_utils, "~> 2.0", [hex: :cldr_utils, repo: "hexpm", optional: false]}, {:decimal, "~> 1.5", [hex: :decimal, repo: "hexpm", optional: false]}, {:gettext, "~> 0.13", [hex: :gettext, repo: "hexpm", optional: true]}, {:jason, "~> 1.0", [hex: :jason, repo: "hexpm", optional: true]}, {:nimble_parsec, "~> 0.5", [hex: :nimble_parsec, repo: "hexpm", optional: false]}, {:plug, "~> 1.4", [hex: :plug, repo: "hexpm", optional: true]}, {:sweet_xml, "~> 0.6", [hex: :sweet_xml, repo: "hexpm", optional: true]}], "hexpm"},
  "ex_cldr_currencies": {:hex, :ex_cldr_currencies, "2.1.1", "4a60ba5dbd15ff578cd4725e9d63f4cb39173af6f84ad30c895ff1726d0faffc", [:mix], [{:ex_cldr, "~> 2.0", [hex: :ex_cldr, repo: "hexpm", optional: false]}, {:jason, "~> 1.0", [hex: :jason, repo: "hexpm", optional: true]}], "hexpm"},
  "ex_cldr_numbers": {:hex, :ex_cldr_numbers, "2.1.1", "3374472e2356366b96dc29ac8b69e279a6b008b5f52973be86865cce91298c35", [:mix], [{:decimal, "~> 1.5", [hex: :decimal, repo: "hexpm", optional: false]}, {:ex_cldr, "~> 2.1", [hex: :ex_cldr, repo: "hexpm", optional: false]}, {:ex_cldr_currencies, "~> 2.0", [hex: :ex_cldr_currencies, repo: "hexpm", optional: false]}, {:jason, "~> 1.0", [hex: :jason, repo: "hexpm", optional: true]}], "hexpm"},
  "ex_doc": {:hex, :ex_doc, "0.19.3", "3c7b0f02851f5fc13b040e8e925051452e41248f685e40250d7e40b07b9f8c10", [:mix], [{:earmark, "~> 1.2", [hex: :earmark, repo: "hexpm", optional: false]}, {:makeup_elixir, "~> 0.10", [hex: :makeup_elixir, repo: "hexpm", optional: false]}], "hexpm"},
  "gettext": {:hex, :gettext, "0.16.1", "e2130b25eebcbe02bb343b119a07ae2c7e28bd4b146c4a154da2ffb2b3507af2", [:mix], [], "hexpm"},
  "gringotts": {:hex, :gringotts, "1.1.0", "2139543a33b131fac1b0bd94e6c2ff2190178b9f5b58cf71a8577f785b7fcbaf", [:mix], [{:decimal, "~> 1.0", [hex: :decimal, repo: "hexpm", optional: true]}, {:elixir_xml_to_map, "~> 0.1", [hex: :elixir_xml_to_map, repo: "hexpm", optional: false]}, {:httpoison, "~> 0.13", [hex: :httpoison, repo: "hexpm", optional: false]}, {:poison, "~> 3.1.0", [hex: :poison, repo: "hexpm", optional: false]}, {:timex, "~> 3.2", [hex: :timex, repo: "hexpm", optional: false]}, {:xml_builder, "~> 2.1", [hex: :xml_builder, repo: "hexpm", optional: false]}], "hexpm"},
  "hackney": {:hex, :hackney, "1.15.0", "287a5d2304d516f63e56c469511c42b016423bcb167e61b611f6bad47e3ca60e", [:rebar3], [{:certifi, "2.4.2", [hex: :certifi, repo: "hexpm", optional: false]}, {:idna, "6.0.0", [hex: :idna, repo: "hexpm", optional: false]}, {:metrics, "1.0.1", [hex: :metrics, repo: "hexpm", optional: false]}, {:mimerl, "1.0.2", [hex: :mimerl, repo: "hexpm", optional: false]}, {:ssl_verify_fun, "1.1.4", [hex: :ssl_verify_fun, repo: "hexpm", optional: false]}], "hexpm"},
  "httpoison": {:hex, :httpoison, "0.13.0", "bfaf44d9f133a6599886720f3937a7699466d23bb0cd7a88b6ba011f53c6f562", [:mix], [{:hackney, "~> 1.8", [hex: :hackney, repo: "hexpm", optional: false]}], "hexpm"},
  "idna": {:hex, :idna, "6.0.0", "689c46cbcdf3524c44d5f3dde8001f364cd7608a99556d8fbd8239a5798d4c10", [:rebar3], [{:unicode_util_compat, "0.4.1", [hex: :unicode_util_compat, repo: "hexpm", optional: false]}], "hexpm"},
  "jason": {:hex, :jason, "1.1.2", "b03dedea67a99223a2eaf9f1264ce37154564de899fd3d8b9a21b1a6fd64afe7", [:mix], [{:decimal, "~> 1.0", [hex: :decimal, repo: "hexpm", optional: true]}], "hexpm"},
  "makeup": {:hex, :makeup, "0.8.0", "9cf32aea71c7fe0a4b2e9246c2c4978f9070257e5c9ce6d4a28ec450a839b55f", [:mix], [{:nimble_parsec, "~> 0.5.0", [hex: :nimble_parsec, repo: "hexpm", optional: false]}], "hexpm"},
  "makeup_elixir": {:hex, :makeup_elixir, "0.13.0", "be7a477997dcac2e48a9d695ec730b2d22418292675c75aa2d34ba0909dcdeda", [:mix], [{:makeup, "~> 0.8", [hex: :makeup, repo: "hexpm", optional: false]}], "hexpm"},
  "metrics": {:hex, :metrics, "1.0.1", "25f094dea2cda98213cecc3aeff09e940299d950904393b2a29d191c346a8486", [:rebar3], [], "hexpm"},
  "mime": {:hex, :mime, "1.3.1", "30ce04ab3175b6ad0bdce0035cba77bba68b813d523d1aac73d9781b4d193cf8", [:mix], [], "hexpm"},
  "mimerl": {:hex, :mimerl, "1.0.2", "993f9b0e084083405ed8252b99460c4f0563e41729ab42d9074fd5e52439be88", [:rebar3], [], "hexpm"},
  "nimble_parsec": {:hex, :nimble_parsec, "0.5.0", "90e2eca3d0266e5c53f8fbe0079694740b9c91b6747f2b7e3c5d21966bba8300", [:mix], [], "hexpm"},
  "parse_trans": {:hex, :parse_trans, "3.3.0", "09765507a3c7590a784615cfd421d101aec25098d50b89d7aa1d66646bc571c1", [:rebar3], [], "hexpm"},
  "phoenix_html": {:hex, :phoenix_html, "2.13.1", "fa8f034b5328e2dfa0e4131b5569379003f34bc1fafdaa84985b0b9d2f12e68b", [:mix], [{:plug, "~> 1.5", [hex: :plug, repo: "hexpm", optional: false]}], "hexpm"},
  "plug": {:hex, :plug, "1.7.2", "d7b7db7fbd755e8283b6c0a50be71ec0a3d67d9213d74422d9372effc8e87fd1", [:mix], [{:mime, "~> 1.0", [hex: :mime, repo: "hexpm", optional: false]}, {:plug_crypto, "~> 1.0", [hex: :plug_crypto, repo: "hexpm", optional: false]}], "hexpm"},
  "plug_crypto": {:hex, :plug_crypto, "1.0.0", "18e49317d3fa343f24620ed22795ec29d4a5e602d52d1513ccea0b07d8ea7d4d", [:mix], [], "hexpm"},
  "poison": {:hex, :poison, "3.1.0", "d9eb636610e096f86f25d9a46f35a9facac35609a7591b3be3326e99a0484665", [:mix], [], "hexpm"},
  "poolboy": {:hex, :poolboy, "1.5.1", "6b46163901cfd0a1b43d692657ed9d7e599853b3b21b95ae5ae0a777cf9b6ca8", [:rebar], [], "hexpm"},
  "ssl_verify_fun": {:hex, :ssl_verify_fun, "1.1.4", "f0eafff810d2041e93f915ef59899c923f4568f4585904d010387ed74988e77b", [:make, :mix, :rebar3], [], "hexpm"},
  "stream_data": {:hex, :stream_data, "0.4.2", "fa86b78c88ec4eaa482c0891350fcc23f19a79059a687760ddcf8680aac2799b", [:mix], [], "hexpm"},
  "telemetry": {:hex, :telemetry, "0.3.0", "099a7f3ce31e4780f971b4630a3c22ec66d22208bc090fe33a2a3a6a67754a73", [:rebar3], [], "hexpm"},
  "timex": {:hex, :timex, "3.5.0", "b0a23167da02d0fe4f1a4e104d1f929a00d348502b52432c05de875d0b9cffa5", [:mix], [{:combine, "~> 0.10", [hex: :combine, repo: "hexpm", optional: false]}, {:gettext, "~> 0.10", [hex: :gettext, repo: "hexpm", optional: false]}, {:tzdata, "~> 0.1.8 or ~> 0.5", [hex: :tzdata, repo: "hexpm", optional: false]}], "hexpm"},
  "tzdata": {:hex, :tzdata, "0.5.19", "7962a3997bf06303b7d1772988ede22260f3dae1bf897408ebdac2b4435f4e6a", [:mix], [{:hackney, "~> 1.0", [hex: :hackney, repo: "hexpm", optional: false]}], "hexpm"},
  "unicode_util_compat": {:hex, :unicode_util_compat, "0.4.1", "d869e4c68901dd9531385bb0c8c40444ebf624e60b6962d95952775cac5e90cd", [:rebar3], [], "hexpm"},
  "xml_builder": {:hex, :xml_builder, "2.1.1", "2d6d665f09cf1319e3e1c46035755271b414d99ad8615d0bd6f337623e0c885b", [:mix], [], "hexpm"},
}
