%{
  "benchee": {:hex, :benchee, "1.0.1", "66b211f9bfd84bd97e6d1beaddf8fc2312aaabe192f776e8931cb0c16f53a521", [:mix], [{:deep_merge, "~> 1.0", [hex: :deep_merge, repo: "hexpm", optional: false]}], "hexpm"},
  "certifi": {:hex, :certifi, "2.5.1", "867ce347f7c7d78563450a18a6a28a8090331e77fa02380b4a21962a65d36ee5", [:rebar3], [{:parse_trans, "~>3.3", [hex: :parse_trans, repo: "hexpm", optional: false]}], "hexpm"},
  "cldr_utils": {:hex, :cldr_utils, "2.2.0", "4f6ac090fc1871037ac41265c98bf0f785b2a4ede144dd2a5282986a5311dd14", [:mix], [{:decimal, "~> 1.5", [hex: :decimal, repo: "hexpm", optional: false]}], "hexpm"},
  "combine": {:hex, :combine, "0.10.0", "eff8224eeb56498a2af13011d142c5e7997a80c8f5b97c499f84c841032e429f", [:mix], [], "hexpm"},
  "connection": {:hex, :connection, "1.0.4", "a1cae72211f0eef17705aaededacac3eb30e6625b04a6117c1b2db6ace7d5976", [:mix], [], "hexpm"},
  "db_connection": {:hex, :db_connection, "2.0.6", "bde2f85d047969c5b5800cb8f4b3ed6316c8cb11487afedac4aa5f93fd39abfa", [:mix], [{:connection, "~> 1.0.2", [hex: :connection, repo: "hexpm", optional: false]}], "hexpm"},
  "decimal": {:hex, :decimal, "1.7.0", "30d6b52c88541f9a66637359ddf85016df9eb266170d53105f02e4a67e00c5aa", [:mix], [], "hexpm"},
  "deep_merge": {:hex, :deep_merge, "1.0.0", "b4aa1a0d1acac393bdf38b2291af38cb1d4a52806cf7a4906f718e1feb5ee961", [:mix], [], "hexpm"},
  "dialyxir": {:hex, :dialyxir, "1.0.0-rc.6", "78e97d9c0ff1b5521dd68041193891aebebce52fc3b93463c0a6806874557d7d", [:mix], [{:erlex, "~> 0.2.1", [hex: :erlex, repo: "hexpm", optional: false]}], "hexpm"},
  "earmark": {:hex, :earmark, "1.3.2", "b840562ea3d67795ffbb5bd88940b1bed0ed9fa32834915125ea7d02e35888a5", [:mix], [], "hexpm"},
  "ecto": {:hex, :ecto, "3.1.4", "69d852da7a9f04ede725855a35ede48d158ca11a404fe94f8b2fb3b2162cd3c9", [:mix], [{:decimal, "~> 1.6", [hex: :decimal, repo: "hexpm", optional: false]}, {:jason, "~> 1.0", [hex: :jason, repo: "hexpm", optional: true]}], "hexpm"},
  "ecto_sql": {:hex, :ecto_sql, "3.1.4", "ac36c453542bae69e93a6882c8448743b2bb353cae3587910e5eb3aa8e96a52d", [:mix], [{:db_connection, "~> 2.0", [hex: :db_connection, repo: "hexpm", optional: false]}, {:ecto, "~> 3.1.0", [hex: :ecto, repo: "hexpm", optional: false]}, {:mariaex, "~> 0.9.1", [hex: :mariaex, repo: "hexpm", optional: true]}, {:myxql, "~> 0.2.0", [hex: :myxql, repo: "hexpm", optional: true]}, {:postgrex, "~> 0.14.0", [hex: :postgrex, repo: "hexpm", optional: true]}, {:telemetry, "~> 0.4.0", [hex: :telemetry, repo: "hexpm", optional: false]}], "hexpm"},
  "elixir_xml_to_map": {:hex, :elixir_xml_to_map, "0.1.2", "e3d1bd2f6562711117ae209657f385a1c1c34c8c720c748eeba2e22815797071", [:mix], [{:erlsom, "~>1.4", [hex: :erlsom, repo: "hexpm", optional: false]}], "hexpm"},
  "erlex": {:hex, :erlex, "0.2.1", "cee02918660807cbba9a7229cae9b42d1c6143b768c781fa6cee1eaf03ad860b", [:mix], [], "hexpm"},
  "erlsom": {:hex, :erlsom, "1.5.0", "c5a5cdd0ee0e8dca62bcc4b13ff08da24fdefc16ccd8b25282a2fda2ba1be24a", [:rebar3], [], "hexpm"},
  "ex_cldr": {:hex, :ex_cldr, "2.7.1", "d03f2b3d901b360d7a8b40c3edfad24760a54cb9a23c146822e7e8d91130f55d", [:mix], [{:cldr_utils, "~> 2.1", [hex: :cldr_utils, repo: "hexpm", optional: false]}, {:decimal, "~> 1.5", [hex: :decimal, repo: "hexpm", optional: false]}, {:gettext, "~> 0.13", [hex: :gettext, repo: "hexpm", optional: true]}, {:jason, "~> 1.0", [hex: :jason, repo: "hexpm", optional: true]}, {:nimble_parsec, "~> 0.5", [hex: :nimble_parsec, repo: "hexpm", optional: false]}, {:plug, "~> 1.4", [hex: :plug, repo: "hexpm", optional: true]}, {:telemetry, "~> 0.4.0", [hex: :telemetry, repo: "hexpm", optional: true]}], "hexpm"},
  "ex_cldr_currencies": {:hex, :ex_cldr_currencies, "2.3.0", "bffae489416b8b05d4683403263f5d62aae17de70c24ff915a533541fea514de", [:mix], [{:ex_cldr, "~> 2.6", [hex: :ex_cldr, repo: "hexpm", optional: false]}, {:jason, "~> 1.0", [hex: :jason, repo: "hexpm", optional: true]}], "hexpm"},
  "ex_cldr_numbers": {:hex, :ex_cldr_numbers, "2.6.0", "431c744058a3980f561878f4886b78871d4067c6d9039ce78335ed9a41c831f8", [:mix], [{:decimal, "~> 1.5", [hex: :decimal, repo: "hexpm", optional: false]}, {:ex_cldr, "~> 2.6", [hex: :ex_cldr, repo: "hexpm", optional: false]}, {:ex_cldr_currencies, "~> 2.3", [hex: :ex_cldr_currencies, repo: "hexpm", optional: false]}, {:jason, "~> 1.0", [hex: :jason, repo: "hexpm", optional: true]}], "hexpm"},
  "ex_doc": {:hex, :ex_doc, "0.20.2", "1bd0dfb0304bade58beb77f20f21ee3558cc3c753743ae0ddbb0fd7ba2912331", [:mix], [{:earmark, "~> 1.3", [hex: :earmark, repo: "hexpm", optional: false]}, {:makeup_elixir, "~> 0.10", [hex: :makeup_elixir, repo: "hexpm", optional: false]}], "hexpm"},
  "exprintf": {:hex, :exprintf, "0.2.1", "b7e895dfb00520cfb7fc1671303b63b37dc3897c59be7cbf1ae62f766a8a0314", [:mix], [], "hexpm"},
  "exprof": {:hex, :exprof, "0.2.3", "8d4d657d73fc0c9ef1e30b2f9207b26ccbd2aec2baf1ca43f0b6d244c841c9f8", [:mix], [{:exprintf, "~> 0.2", [hex: :exprintf, repo: "hexpm", optional: false]}], "hexpm"},
  "gettext": {:hex, :gettext, "0.16.1", "e2130b25eebcbe02bb343b119a07ae2c7e28bd4b146c4a154da2ffb2b3507af2", [:mix], [], "hexpm"},
  "gringotts": {:hex, :gringotts, "1.1.0", "2139543a33b131fac1b0bd94e6c2ff2190178b9f5b58cf71a8577f785b7fcbaf", [:mix], [{:decimal, "~> 1.0", [hex: :decimal, repo: "hexpm", optional: true]}, {:elixir_xml_to_map, "~> 0.1", [hex: :elixir_xml_to_map, repo: "hexpm", optional: false]}, {:httpoison, "~> 0.13", [hex: :httpoison, repo: "hexpm", optional: false]}, {:poison, "~> 3.1.0", [hex: :poison, repo: "hexpm", optional: false]}, {:timex, "~> 3.2", [hex: :timex, repo: "hexpm", optional: false]}, {:xml_builder, "~> 2.1", [hex: :xml_builder, repo: "hexpm", optional: false]}], "hexpm"},
  "hackney": {:hex, :hackney, "1.15.1", "9f8f471c844b8ce395f7b6d8398139e26ddca9ebc171a8b91342ee15a19963f4", [:rebar3], [{:certifi, "2.5.1", [hex: :certifi, repo: "hexpm", optional: false]}, {:idna, "6.0.0", [hex: :idna, repo: "hexpm", optional: false]}, {:metrics, "1.0.1", [hex: :metrics, repo: "hexpm", optional: false]}, {:mimerl, "~>1.1", [hex: :mimerl, repo: "hexpm", optional: false]}, {:ssl_verify_fun, "1.1.4", [hex: :ssl_verify_fun, repo: "hexpm", optional: false]}], "hexpm"},
  "httpoison": {:hex, :httpoison, "0.13.0", "bfaf44d9f133a6599886720f3937a7699466d23bb0cd7a88b6ba011f53c6f562", [:mix], [{:hackney, "~> 1.8", [hex: :hackney, repo: "hexpm", optional: false]}], "hexpm"},
  "idna": {:hex, :idna, "6.0.0", "689c46cbcdf3524c44d5f3dde8001f364cd7608a99556d8fbd8239a5798d4c10", [:rebar3], [{:unicode_util_compat, "0.4.1", [hex: :unicode_util_compat, repo: "hexpm", optional: false]}], "hexpm"},
  "jason": {:hex, :jason, "1.1.2", "b03dedea67a99223a2eaf9f1264ce37154564de899fd3d8b9a21b1a6fd64afe7", [:mix], [{:decimal, "~> 1.0", [hex: :decimal, repo: "hexpm", optional: true]}], "hexpm"},
  "makeup": {:hex, :makeup, "0.8.0", "9cf32aea71c7fe0a4b2e9246c2c4978f9070257e5c9ce6d4a28ec450a839b55f", [:mix], [{:nimble_parsec, "~> 0.5.0", [hex: :nimble_parsec, repo: "hexpm", optional: false]}], "hexpm"},
  "makeup_elixir": {:hex, :makeup_elixir, "0.13.0", "be7a477997dcac2e48a9d695ec730b2d22418292675c75aa2d34ba0909dcdeda", [:mix], [{:makeup, "~> 0.8", [hex: :makeup, repo: "hexpm", optional: false]}], "hexpm"},
  "metrics": {:hex, :metrics, "1.0.1", "25f094dea2cda98213cecc3aeff09e940299d950904393b2a29d191c346a8486", [:rebar3], [], "hexpm"},
  "mime": {:hex, :mime, "1.3.1", "30ce04ab3175b6ad0bdce0035cba77bba68b813d523d1aac73d9781b4d193cf8", [:mix], [], "hexpm"},
  "mimerl": {:hex, :mimerl, "1.2.0", "67e2d3f571088d5cfd3e550c383094b47159f3eee8ffa08e64106cdf5e981be3", [:rebar3], [], "hexpm"},
  "nimble_parsec": {:hex, :nimble_parsec, "0.5.0", "90e2eca3d0266e5c53f8fbe0079694740b9c91b6747f2b7e3c5d21966bba8300", [:mix], [], "hexpm"},
  "parse_trans": {:hex, :parse_trans, "3.3.0", "09765507a3c7590a784615cfd421d101aec25098d50b89d7aa1d66646bc571c1", [:rebar3], [], "hexpm"},
  "phoenix_html": {:hex, :phoenix_html, "2.13.3", "850e292ff6e204257f5f9c4c54a8cb1f6fbc16ed53d360c2b780a3d0ba333867", [:mix], [{:plug, "~> 1.5", [hex: :plug, repo: "hexpm", optional: false]}], "hexpm"},
  "plug": {:hex, :plug, "1.8.2", "0bcce1daa420f189a6491f3940cc77ea7fb1919761175c9c3b59800d897440fc", [:mix], [{:mime, "~> 1.0", [hex: :mime, repo: "hexpm", optional: false]}, {:plug_crypto, "~> 1.0", [hex: :plug_crypto, repo: "hexpm", optional: false]}, {:telemetry, "~> 0.4", [hex: :telemetry, repo: "hexpm", optional: true]}], "hexpm"},
  "plug_crypto": {:hex, :plug_crypto, "1.0.0", "18e49317d3fa343f24620ed22795ec29d4a5e602d52d1513ccea0b07d8ea7d4d", [:mix], [], "hexpm"},
  "poison": {:hex, :poison, "3.1.0", "d9eb636610e096f86f25d9a46f35a9facac35609a7591b3be3326e99a0484665", [:mix], [], "hexpm"},
  "poolboy": {:hex, :poolboy, "1.5.1", "6b46163901cfd0a1b43d692657ed9d7e599853b3b21b95ae5ae0a777cf9b6ca8", [:rebar], [], "hexpm"},
  "ssl_verify_fun": {:hex, :ssl_verify_fun, "1.1.4", "f0eafff810d2041e93f915ef59899c923f4568f4585904d010387ed74988e77b", [:make, :mix, :rebar3], [], "hexpm"},
  "stream_data": {:hex, :stream_data, "0.4.3", "62aafd870caff0849a5057a7ec270fad0eb86889f4d433b937d996de99e3db25", [:mix], [], "hexpm"},
  "telemetry": {:hex, :telemetry, "0.4.0", "8339bee3fa8b91cb84d14c2935f8ecf399ccd87301ad6da6b71c09553834b2ab", [:rebar3], [], "hexpm"},
  "timex": {:hex, :timex, "3.5.0", "b0a23167da02d0fe4f1a4e104d1f929a00d348502b52432c05de875d0b9cffa5", [:mix], [{:combine, "~> 0.10", [hex: :combine, repo: "hexpm", optional: false]}, {:gettext, "~> 0.10", [hex: :gettext, repo: "hexpm", optional: false]}, {:tzdata, "~> 0.1.8 or ~> 0.5", [hex: :tzdata, repo: "hexpm", optional: false]}], "hexpm"},
  "tzdata": {:hex, :tzdata, "0.5.20", "304b9e98a02840fb32a43ec111ffbe517863c8566eb04a061f1c4dbb90b4d84c", [:mix], [{:hackney, "~> 1.0", [hex: :hackney, repo: "hexpm", optional: false]}], "hexpm"},
  "unicode_util_compat": {:hex, :unicode_util_compat, "0.4.1", "d869e4c68901dd9531385bb0c8c40444ebf624e60b6962d95952775cac5e90cd", [:rebar3], [], "hexpm"},
  "xml_builder": {:hex, :xml_builder, "2.1.1", "2d6d665f09cf1319e3e1c46035755271b414d99ad8615d0bd6f337623e0c885b", [:mix], [], "hexpm"},
}
