%{"certifi": {:hex, :certifi, "0.7.0", "861a57f3808f7eb0c2d1802afeaae0fa5de813b0df0979153cbafcd853ababaf", [], []},
  "decimal": {:hex, :decimal, "1.3.1", "157b3cedb2bfcb5359372a7766dd7a41091ad34578296e951f58a946fcab49c6", [:mix], []},
  "earmark": {:hex, :earmark, "1.0.3", "89bdbaf2aca8bbb5c97d8b3b55c5dd0cff517ecc78d417e87f1d0982e514557b", [:mix], []},
<<<<<<< Updated upstream
  "ecto": {:hex, :ecto, "2.0.6", "9dcbf819c2a77f67a66b83739b7fcc00b71aaf6c100016db4f798930fa4cfd47", [:mix], [{:db_connection, "~> 1.0", [hex: :db_connection, optional: true]}, {:decimal, "~> 1.1.2 or ~> 1.2", [hex: :decimal, optional: false]}, {:mariaex, "~> 0.8.0", [hex: :mariaex, optional: true]}, {:poison, "~> 1.5 or ~> 2.0", [hex: :poison, optional: true]}, {:poolboy, "~> 1.5", [hex: :poolboy, optional: false]}, {:postgrex, "~> 0.12.0", [hex: :postgrex, optional: true]}, {:sbroker, "~> 1.0-beta", [hex: :sbroker, optional: true]}]},
  "ex_cldr": {:hex, :ex_cldr, "0.0.14", "b363853980a5cc0afcfedaa3a3008142ffa53003f7f891d87e3b3cce38a20219", [:mix], [{:decimal, "~> 1.1", [hex: :decimal, optional: false]}, {:ecto, "~> 2.0.6", [hex: :ecto, optional: true]}, {:poison, "~> 2.1", [hex: :poison, optional: false]}]},
  "ex_doc": {:hex, :ex_doc, "0.14.5", "c0433c8117e948404d93ca69411dd575ec6be39b47802e81ca8d91017a0cf83c", [:mix], [{:earmark, "~> 1.0", [hex: :earmark, optional: false]}]},
=======
  "ex_cldr": {:hex, :ex_cldr, "0.0.11", "0675f0ec2063b40f265b77142703a04aff3197322b05cac2043674dbdce808c9", [:mix], [{:decimal, "~> 1.1", [hex: :decimal, optional: false]}, {:poison, "~> 2.1", [hex: :poison, optional: false]}]},
  "ex_doc": {:hex, :ex_doc, "0.14.4", "a0a79a6896075814f4bc6802b74ccbed6549f47cc5ab34c71eaee2303170b8ef", [:mix], [{:earmark, "~> 1.0", [hex: :earmark, optional: false]}]},
>>>>>>> Stashed changes
  "excoveralls": {:hex, :excoveralls, "0.5.7", "5d26e4a7cdf08294217594a1b0643636accc2ad30e984d62f1d166f70629ff50", [], [{:exjsx, "~> 3.0", [hex: :exjsx, optional: false]}, {:hackney, ">= 0.12.0", [hex: :hackney, optional: false]}]},
  "exjsx": {:hex, :exjsx, "3.2.1", "1bc5bf1e4fd249104178f0885030bcd75a4526f4d2a1e976f4b428d347614f0f", [], [{:jsx, "~> 2.8.0", [hex: :jsx, optional: false]}]},
  "gen_stage": {:hex, :gen_stage, "0.9.0", "9daf0b5ae224405e0456b7df5a282a9a958176cdb9b963811ca38140e7e1b3c4", [:mix], []},
  "hackney": {:hex, :hackney, "1.6.3", "d489d7ca2d4323e307bedc4bfe684323a7bf773ecfd77938f3ee8074e488e140", [], [{:certifi, "0.7.0", [hex: :certifi, optional: false]}, {:idna, "1.2.0", [hex: :idna, optional: false]}, {:metrics, "1.0.1", [hex: :metrics, optional: false]}, {:mimerl, "1.0.2", [hex: :mimerl, optional: false]}, {:ssl_verify_fun, "1.1.1", [hex: :ssl_verify_fun, optional: false]}]},
  "httpoison": {:hex, :httpoison, "0.10.0", "4727b3a5e57e9a4ff168a3c2883e20f1208103a41bccc4754f15a9366f49b676", [], [{:hackney, "~> 1.6.3", [hex: :hackney, optional: false]}]},
  "idna": {:hex, :idna, "1.2.0", "ac62ee99da068f43c50dc69acf700e03a62a348360126260e87f2b54eced86b2", [], []},
  "jsx": {:hex, :jsx, "2.8.1", "1453b4eb3615acb3e2cd0a105d27e6761e2ed2e501ac0b390f5bbec497669846", [:mix, :rebar3], []},
  "metrics": {:hex, :metrics, "1.0.1", "25f094dea2cda98213cecc3aeff09e940299d950904393b2a29d191c346a8486", [], []},
  "mimerl": {:hex, :mimerl, "1.0.2", "993f9b0e084083405ed8252b99460c4f0563e41729ab42d9074fd5e52439be88", [], []},
  "poison": {:hex, :poison, "2.2.0", "4763b69a8a77bd77d26f477d196428b741261a761257ff1cf92753a0d4d24a63", [], []},
  "poolboy": {:hex, :poolboy, "1.5.1", "6b46163901cfd0a1b43d692657ed9d7e599853b3b21b95ae5ae0a777cf9b6ca8", [], []},
  "ssl_verify_fun": {:hex, :ssl_verify_fun, "1.1.1", "28a4d65b7f59893bc2c7de786dec1e1555bd742d336043fe644ae956c3497fbe", [], []}}
